// !$*UTF8*$!
{
	archiveVersion = 1;
	classes = {
	};
	objectVersion = 48;
	objects = {

/* Begin PBXBuildFile section */
		3F6E51A61FBEBFD70047E329 /* AppDelegate.swift in Sources */ = {isa = PBXBuildFile; fileRef = 3F6E51A51FBEBFD70047E329 /* AppDelegate.swift */; };
		3F6E51A81FBEBFD70047E329 /* HomeController.swift in Sources */ = {isa = PBXBuildFile; fileRef = 3F6E51A71FBEBFD70047E329 /* HomeController.swift */; };
		3F6E51AB1FBEBFD70047E329 /* Main.storyboard in Resources */ = {isa = PBXBuildFile; fileRef = 3F6E51A91FBEBFD70047E329 /* Main.storyboard */; };
		3F6E51B01FBEBFD70047E329 /* LaunchScreen.storyboard in Resources */ = {isa = PBXBuildFile; fileRef = 3F6E51AE1FBEBFD70047E329 /* LaunchScreen.storyboard */; };
		3F6E51B81FBEE29B0047E329 /* Extensions.swift in Sources */ = {isa = PBXBuildFile; fileRef = 3F6E51B71FBEE29B0047E329 /* Extensions.swift */; };
		3F6E51BB1FBEE3750047E329 /* VideoCell.swift in Sources */ = {isa = PBXBuildFile; fileRef = 3F6E51BA1FBEE3750047E329 /* VideoCell.swift */; };
		3F9939561FBEF9CB0055B524 /* MenuBar.swift in Sources */ = {isa = PBXBuildFile; fileRef = 3F9939551FBEF9CB0055B524 /* MenuBar.swift */; };
		3F9939581FBF41990055B524 /* Assets.xcassets in Resources */ = {isa = PBXBuildFile; fileRef = 3F9939571FBF41990055B524 /* Assets.xcassets */; };
		3F99395B1FBF43630055B524 /* Video.swift in Sources */ = {isa = PBXBuildFile; fileRef = 3F99395A1FBF43630055B524 /* Video.swift */; };
		48F2F5D6F7EE771E1D89AD8D /* Pods_YOUTUBE_COPY.framework in Frameworks */ = {isa = PBXBuildFile; fileRef = 3C94B11F7D2D6236995E2CFB /* Pods_YOUTUBE_COPY.framework */; };
/* End PBXBuildFile section */

/* Begin PBXFileReference section */
		3C94B11F7D2D6236995E2CFB /* Pods_YOUTUBE_COPY.framework */ = {isa = PBXFileReference; explicitFileType = wrapper.framework; includeInIndex = 0; path = Pods_YOUTUBE_COPY.framework; sourceTree = BUILT_PRODUCTS_DIR; };
		3F6E51A21FBEBFD70047E329 /* YOUTUBE COPY.app */ = {isa = PBXFileReference; explicitFileType = wrapper.application; includeInIndex = 0; path = "YOUTUBE COPY.app"; sourceTree = BUILT_PRODUCTS_DIR; };
		3F6E51A51FBEBFD70047E329 /* AppDelegate.swift */ = {isa = PBXFileReference; lastKnownFileType = sourcecode.swift; path = AppDelegate.swift; sourceTree = "<group>"; };
		3F6E51A71FBEBFD70047E329 /* HomeController.swift */ = {isa = PBXFileReference; lastKnownFileType = sourcecode.swift; path = HomeController.swift; sourceTree = "<group>"; };
		3F6E51AA1FBEBFD70047E329 /* Base */ = {isa = PBXFileReference; lastKnownFileType = file.storyboard; name = Base; path = Base.lproj/Main.storyboard; sourceTree = "<group>"; };
		3F6E51AF1FBEBFD70047E329 /* Base */ = {isa = PBXFileReference; lastKnownFileType = file.storyboard; name = Base; path = Base.lproj/LaunchScreen.storyboard; sourceTree = "<group>"; };
		3F6E51B11FBEBFD70047E329 /* Info.plist */ = {isa = PBXFileReference; lastKnownFileType = text.plist.xml; path = Info.plist; sourceTree = "<group>"; };
		3F6E51B71FBEE29B0047E329 /* Extensions.swift */ = {isa = PBXFileReference; lastKnownFileType = sourcecode.swift; path = Extensions.swift; sourceTree = "<group>"; };
		3F6E51BA1FBEE3750047E329 /* VideoCell.swift */ = {isa = PBXFileReference; lastKnownFileType = sourcecode.swift; path = VideoCell.swift; sourceTree = "<group>"; };
		3F9939551FBEF9CB0055B524 /* MenuBar.swift */ = {isa = PBXFileReference; lastKnownFileType = sourcecode.swift; path = MenuBar.swift; sourceTree = "<group>"; };
		3F9939571FBF41990055B524 /* Assets.xcassets */ = {isa = PBXFileReference; lastKnownFileType = folder.assetcatalog; path = Assets.xcassets; sourceTree = "<group>"; };
		3F99395A1FBF43630055B524 /* Video.swift */ = {isa = PBXFileReference; lastKnownFileType = sourcecode.swift; path = Video.swift; sourceTree = "<group>"; };
		BB1F2C1CC8B34CB0BFC8DD34 /* Pods-YOUTUBE COPY.debug.xcconfig */ = {isa = PBXFileReference; includeInIndex = 1; lastKnownFileType = text.xcconfig; name = "Pods-YOUTUBE COPY.debug.xcconfig"; path = "Pods/Target Support Files/Pods-YOUTUBE COPY/Pods-YOUTUBE COPY.debug.xcconfig"; sourceTree = "<group>"; };
		C9BF4B25D83D2CD167E2EB2A /* Pods-YOUTUBE COPY.release.xcconfig */ = {isa = PBXFileReference; includeInIndex = 1; lastKnownFileType = text.xcconfig; name = "Pods-YOUTUBE COPY.release.xcconfig"; path = "Pods/Target Support Files/Pods-YOUTUBE COPY/Pods-YOUTUBE COPY.release.xcconfig"; sourceTree = "<group>"; };
/* End PBXFileReference section */

/* Begin PBXFrameworksBuildPhase section */
		3F6E519F1FBEBFD70047E329 /* Frameworks */ = {
			isa = PBXFrameworksBuildPhase;
			buildActionMask = 2147483647;
			files = (
				48F2F5D6F7EE771E1D89AD8D /* Pods_YOUTUBE_COPY.framework in Frameworks */,
			);
			runOnlyForDeploymentPostprocessing = 0;
		};
/* End PBXFrameworksBuildPhase section */

/* Begin PBXGroup section */
		3E74F66008F24707EFB3AD0C /* Pods */ = {
			isa = PBXGroup;
			children = (
				BB1F2C1CC8B34CB0BFC8DD34 /* Pods-YOUTUBE COPY.debug.xcconfig */,
				C9BF4B25D83D2CD167E2EB2A /* Pods-YOUTUBE COPY.release.xcconfig */,
			);
			name = Pods;
			sourceTree = "<group>";
		};
		3F6E51991FBEBFD70047E329 = {
			isa = PBXGroup;
			children = (
				3F6E51A41FBEBFD70047E329 /* YOUTUBE COPY */,
				3F6E51A31FBEBFD70047E329 /* Products */,
				3E74F66008F24707EFB3AD0C /* Pods */,
				FDB686E9EAF6050DD9DE3C92 /* Frameworks */,
			);
			sourceTree = "<group>";
		};
		3F6E51A31FBEBFD70047E329 /* Products */ = {
			isa = PBXGroup;
			children = (
				3F6E51A21FBEBFD70047E329 /* YOUTUBE COPY.app */,
			);
			name = Products;
			sourceTree = "<group>";
		};
		3F6E51A41FBEBFD70047E329 /* YOUTUBE COPY */ = {
			isa = PBXGroup;
			children = (
				3F6E51A51FBEBFD70047E329 /* AppDelegate.swift */,
				3F9939591FBF435A0055B524 /* Model */,
				3F6E51B91FBEE3510047E329 /* View */,
				3F6E51BC1FBEE3970047E329 /* Controller */,
				3FDE88A01FBEEBD600A76DB4 /* Resource */,
				3FDE88A11FBEEBF300A76DB4 /* XCODEFILE */,
				3F6E51B11FBEBFD70047E329 /* Info.plist */,
			);
			path = "YOUTUBE COPY";
			sourceTree = "<group>";
		};
		3F6E51B91FBEE3510047E329 /* View */ = {
			isa = PBXGroup;
			children = (
				3F6E51BA1FBEE3750047E329 /* VideoCell.swift */,
				3F9939551FBEF9CB0055B524 /* MenuBar.swift */,
			);
			path = View;
			sourceTree = "<group>";
		};
		3F6E51BC1FBEE3970047E329 /* Controller */ = {
			isa = PBXGroup;
			children = (
				3F6E51A71FBEBFD70047E329 /* HomeController.swift */,
			);
			path = Controller;
			sourceTree = "<group>";
		};
		3F9939591FBF435A0055B524 /* Model */ = {
			isa = PBXGroup;
			children = (
				3F99395A1FBF43630055B524 /* Video.swift */,
			);
			path = Model;
			sourceTree = "<group>";
		};
		3FDE88A01FBEEBD600A76DB4 /* Resource */ = {
			isa = PBXGroup;
			children = (
				3F6E51B71FBEE29B0047E329 /* Extensions.swift */,
			);
			path = Resource;
			sourceTree = "<group>";
		};
		3FDE88A11FBEEBF300A76DB4 /* XCODEFILE */ = {
			isa = PBXGroup;
			children = (
				3F6E51A91FBEBFD70047E329 /* Main.storyboard */,
				3F6E51AE1FBEBFD70047E329 /* LaunchScreen.storyboard */,
				3F9939571FBF41990055B524 /* Assets.xcassets */,
			);
			path = XCODEFILE;
			sourceTree = "<group>";
		};
		FDB686E9EAF6050DD9DE3C92 /* Frameworks */ = {
			isa = PBXGroup;
			children = (
				3C94B11F7D2D6236995E2CFB /* Pods_YOUTUBE_COPY.framework */,
			);
			name = Frameworks;
			sourceTree = "<group>";
		};
/* End PBXGroup section */

/* Begin PBXNativeTarget section */
		3F6E51A11FBEBFD70047E329 /* YOUTUBE COPY */ = {
			isa = PBXNativeTarget;
			buildConfigurationList = 3F6E51B41FBEBFD70047E329 /* Build configuration list for PBXNativeTarget "YOUTUBE COPY" */;
			buildPhases = (
				2AF505A7018D612286E3B511 /* [CP] Check Pods Manifest.lock */,
				3F6E519E1FBEBFD70047E329 /* Sources */,
				3F6E519F1FBEBFD70047E329 /* Frameworks */,
				3F6E51A01FBEBFD70047E329 /* Resources */,
				9E7302CB390C8C49A55585D1 /* [CP] Embed Pods Frameworks */,
				84F0783B0F6B76C5BBEDBAA2 /* [CP] Copy Pods Resources */,
			);
			buildRules = (
			);
			dependencies = (
			);
			name = "YOUTUBE COPY";
			productName = "YOUTUBE COPY";
			productReference = 3F6E51A21FBEBFD70047E329 /* YOUTUBE COPY.app */;
			productType = "com.apple.product-type.application";
		};
/* End PBXNativeTarget section */

/* Begin PBXProject section */
		3F6E519A1FBEBFD70047E329 /* Project object */ = {
			isa = PBXProject;
			attributes = {
				LastSwiftUpdateCheck = 0910;
				LastUpgradeCheck = 0910;
				ORGANIZATIONNAME = Jaeseong;
				TargetAttributes = {
					3F6E51A11FBEBFD70047E329 = {
						CreatedOnToolsVersion = 9.1;
						ProvisioningStyle = Automatic;
					};
				};
			};
			buildConfigurationList = 3F6E519D1FBEBFD70047E329 /* Build configuration list for PBXProject "YOUTUBE COPY" */;
			compatibilityVersion = "Xcode 8.0";
			developmentRegion = en;
			hasScannedForEncodings = 0;
			knownRegions = (
				en,
				Base,
			);
			mainGroup = 3F6E51991FBEBFD70047E329;
			productRefGroup = 3F6E51A31FBEBFD70047E329 /* Products */;
			projectDirPath = "";
			projectRoot = "";
			targets = (
				3F6E51A11FBEBFD70047E329 /* YOUTUBE COPY */,
			);
		};
/* End PBXProject section */

/* Begin PBXResourcesBuildPhase section */
		3F6E51A01FBEBFD70047E329 /* Resources */ = {
			isa = PBXResourcesBuildPhase;
			buildActionMask = 2147483647;
			files = (
				3F6E51B01FBEBFD70047E329 /* LaunchScreen.storyboard in Resources */,
				3F9939581FBF41990055B524 /* Assets.xcassets in Resources */,
				3F6E51AB1FBEBFD70047E329 /* Main.storyboard in Resources */,
			);
			runOnlyForDeploymentPostprocessing = 0;
		};
/* End PBXResourcesBuildPhase section */

/* Begin PBXShellScriptBuildPhase section */
		2AF505A7018D612286E3B511 /* [CP] Check Pods Manifest.lock */ = {
			isa = PBXShellScriptBuildPhase;
			buildActionMask = 2147483647;
			files = (
			);
			inputPaths = (
				"${PODS_PODFILE_DIR_PATH}/Podfile.lock",
				"${PODS_ROOT}/Manifest.lock",
			);
			name = "[CP] Check Pods Manifest.lock";
			outputPaths = (
				"$(DERIVED_FILE_DIR)/Pods-YOUTUBE COPY-checkManifestLockResult.txt",
			);
			runOnlyForDeploymentPostprocessing = 0;
			shellPath = /bin/sh;
			shellScript = "diff \"${PODS_PODFILE_DIR_PATH}/Podfile.lock\" \"${PODS_ROOT}/Manifest.lock\" > /dev/null\nif [ $? != 0 ] ; then\n    # print error to STDERR\n    echo \"error: The sandbox is not in sync with the Podfile.lock. Run 'pod install' or update your CocoaPods installation.\" >&2\n    exit 1\nfi\n# This output is used by Xcode 'outputs' to avoid re-running this script phase.\necho \"SUCCESS\" > \"${SCRIPT_OUTPUT_FILE_0}\"\n";
			showEnvVarsInLog = 0;
		};
		84F0783B0F6B76C5BBEDBAA2 /* [CP] Copy Pods Resources */ = {
			isa = PBXShellScriptBuildPhase;
			buildActionMask = 2147483647;
			files = (
			);
			inputPaths = (
			);
			name = "[CP] Copy Pods Resources";
			outputPaths = (
			);
			runOnlyForDeploymentPostprocessing = 0;
			shellPath = /bin/sh;
			shellScript = "\"${SRCROOT}/Pods/Target Support Files/Pods-YOUTUBE COPY/Pods-YOUTUBE COPY-resources.sh\"\n";
			showEnvVarsInLog = 0;
		};
		9E7302CB390C8C49A55585D1 /* [CP] Embed Pods Frameworks */ = {
			isa = PBXShellScriptBuildPhase;
			buildActionMask = 2147483647;
			files = (
			);
			inputPaths = (
				"${SRCROOT}/Pods/Target Support Files/Pods-YOUTUBE COPY/Pods-YOUTUBE COPY-frameworks.sh",
				"${BUILT_PRODUCTS_DIR}/Alamofire/Alamofire.framework",
				"${BUILT_PRODUCTS_DIR}/SwiftyJSON/SwiftyJSON.framework",
			);
			name = "[CP] Embed Pods Frameworks";
			outputPaths = (
				"${TARGET_BUILD_DIR}/${FRAMEWORKS_FOLDER_PATH}/Alamofire.framework",
				"${TARGET_BUILD_DIR}/${FRAMEWORKS_FOLDER_PATH}/SwiftyJSON.framework",
			);
			runOnlyForDeploymentPostprocessing = 0;
			shellPath = /bin/sh;
			shellScript = "\"${SRCROOT}/Pods/Target Support Files/Pods-YOUTUBE COPY/Pods-YOUTUBE COPY-frameworks.sh\"\n";
			showEnvVarsInLog = 0;
		};
/* End PBXShellScriptBuildPhase section */

/* Begin PBXSourcesBuildPhase section */
		3F6E519E1FBEBFD70047E329 /* Sources */ = {
			isa = PBXSourcesBuildPhase;
			buildActionMask = 2147483647;
			files = (
				3F6E51A81FBEBFD70047E329 /* HomeController.swift in Sources */,
				3F99395B1FBF43630055B524 /* Video.swift in Sources */,
				3F6E51BB1FBEE3750047E329 /* VideoCell.swift in Sources */,
				3F6E51A61FBEBFD70047E329 /* AppDelegate.swift in Sources */,
				3F6E51B81FBEE29B0047E329 /* Extensions.swift in Sources */,
				3F9939561FBEF9CB0055B524 /* MenuBar.swift in Sources */,
			);
			runOnlyForDeploymentPostprocessing = 0;
		};
/* End PBXSourcesBuildPhase section */

/* Begin PBXVariantGroup section */
		3F6E51A91FBEBFD70047E329 /* Main.storyboard */ = {
			isa = PBXVariantGroup;
			children = (
				3F6E51AA1FBEBFD70047E329 /* Base */,
			);
			name = Main.storyboard;
			sourceTree = "<group>";
		};
		3F6E51AE1FBEBFD70047E329 /* LaunchScreen.storyboard */ = {
			isa = PBXVariantGroup;
			children = (
				3F6E51AF1FBEBFD70047E329 /* Base */,
			);
			name = LaunchScreen.storyboard;
			sourceTree = "<group>";
		};
/* End PBXVariantGroup section */

/* Begin XCBuildConfiguration section */
		3F6E51B21FBEBFD70047E329 /* Debug */ = {
			isa = XCBuildConfiguration;
			buildSettings = {
				ALWAYS_SEARCH_USER_PATHS = NO;
				CLANG_ANALYZER_NONNULL = YES;
				CLANG_ANALYZER_NUMBER_OBJECT_CONVERSION = YES_AGGRESSIVE;
				CLANG_CXX_LANGUAGE_STANDARD = "gnu++14";
				CLANG_CXX_LIBRARY = "libc++";
				CLANG_ENABLE_MODULES = YES;
				CLANG_ENABLE_OBJC_ARC = YES;
				CLANG_WARN_BLOCK_CAPTURE_AUTORELEASING = YES;
				CLANG_WARN_BOOL_CONVERSION = YES;
				CLANG_WARN_COMMA = YES;
				CLANG_WARN_CONSTANT_CONVERSION = YES;
				CLANG_WARN_DIRECT_OBJC_ISA_USAGE = YES_ERROR;
				CLANG_WARN_DOCUMENTATION_COMMENTS = YES;
				CLANG_WARN_EMPTY_BODY = YES;
				CLANG_WARN_ENUM_CONVERSION = YES;
				CLANG_WARN_INFINITE_RECURSION = YES;
				CLANG_WARN_INT_CONVERSION = YES;
				CLANG_WARN_NON_LITERAL_NULL_CONVERSION = YES;
				CLANG_WARN_OBJC_LITERAL_CONVERSION = YES;
				CLANG_WARN_OBJC_ROOT_CLASS = YES_ERROR;
				CLANG_WARN_RANGE_LOOP_ANALYSIS = YES;
				CLANG_WARN_STRICT_PROTOTYPES = YES;
				CLANG_WARN_SUSPICIOUS_MOVE = YES;
				CLANG_WARN_UNGUARDED_AVAILABILITY = YES_AGGRESSIVE;
				CLANG_WARN_UNREACHABLE_CODE = YES;
				CLANG_WARN__DUPLICATE_METHOD_MATCH = YES;
				CODE_SIGN_IDENTITY = "iPhone Developer";
				COPY_PHASE_STRIP = NO;
				DEBUG_INFORMATION_FORMAT = dwarf;
				ENABLE_STRICT_OBJC_MSGSEND = YES;
				ENABLE_TESTABILITY = YES;
				GCC_C_LANGUAGE_STANDARD = gnu11;
				GCC_DYNAMIC_NO_PIC = NO;
				GCC_NO_COMMON_BLOCKS = YES;
				GCC_OPTIMIZATION_LEVEL = 0;
				GCC_PREPROCESSOR_DEFINITIONS = (
					"DEBUG=1",
					"$(inherited)",
				);
				GCC_WARN_64_TO_32_BIT_CONVERSION = YES;
				GCC_WARN_ABOUT_RETURN_TYPE = YES_ERROR;
				GCC_WARN_UNDECLARED_SELECTOR = YES;
				GCC_WARN_UNINITIALIZED_AUTOS = YES_AGGRESSIVE;
				GCC_WARN_UNUSED_FUNCTION = YES;
				GCC_WARN_UNUSED_VARIABLE = YES;
				IPHONEOS_DEPLOYMENT_TARGET = 11.1;
				MTL_ENABLE_DEBUG_INFO = YES;
				ONLY_ACTIVE_ARCH = YES;
				SDKROOT = iphoneos;
				SWIFT_ACTIVE_COMPILATION_CONDITIONS = DEBUG;
				SWIFT_OPTIMIZATION_LEVEL = "-Onone";
			};
			name = Debug;
		};
		3F6E51B31FBEBFD70047E329 /* Release */ = {
			isa = XCBuildConfiguration;
			buildSettings = {
				ALWAYS_SEARCH_USER_PATHS = NO;
				CLANG_ANALYZER_NONNULL = YES;
				CLANG_ANALYZER_NUMBER_OBJECT_CONVERSION = YES_AGGRESSIVE;
				CLANG_CXX_LANGUAGE_STANDARD = "gnu++14";
				CLANG_CXX_LIBRARY = "libc++";
				CLANG_ENABLE_MODULES = YES;
				CLANG_ENABLE_OBJC_ARC = YES;
				CLANG_WARN_BLOCK_CAPTURE_AUTORELEASING = YES;
				CLANG_WARN_BOOL_CONVERSION = YES;
				CLANG_WARN_COMMA = YES;
				CLANG_WARN_CONSTANT_CONVERSION = YES;
				CLANG_WARN_DIRECT_OBJC_ISA_USAGE = YES_ERROR;
				CLANG_WARN_DOCUMENTATION_COMMENTS = YES;
				CLANG_WARN_EMPTY_BODY = YES;
				CLANG_WARN_ENUM_CONVERSION = YES;
				CLANG_WARN_INFINITE_RECURSION = YES;
				CLANG_WARN_INT_CONVERSION = YES;
				CLANG_WARN_NON_LITERAL_NULL_CONVERSION = YES;
				CLANG_WARN_OBJC_LITERAL_CONVERSION = YES;
				CLANG_WARN_OBJC_ROOT_CLASS = YES_ERROR;
				CLANG_WARN_RANGE_LOOP_ANALYSIS = YES;
				CLANG_WARN_STRICT_PROTOTYPES = YES;
				CLANG_WARN_SUSPICIOUS_MOVE = YES;
				CLANG_WARN_UNGUARDED_AVAILABILITY = YES_AGGRESSIVE;
				CLANG_WARN_UNREACHABLE_CODE = YES;
				CLANG_WARN__DUPLICATE_METHOD_MATCH = YES;
				CODE_SIGN_IDENTITY = "iPhone Developer";
				COPY_PHASE_STRIP = NO;
				DEBUG_INFORMATION_FORMAT = "dwarf-with-dsym";
				ENABLE_NS_ASSERTIONS = NO;
				ENABLE_STRICT_OBJC_MSGSEND = YES;
				GCC_C_LANGUAGE_STANDARD = gnu11;
				GCC_NO_COMMON_BLOCKS = YES;
				GCC_WARN_64_TO_32_BIT_CONVERSION = YES;
				GCC_WARN_ABOUT_RETURN_TYPE = YES_ERROR;
				GCC_WARN_UNDECLARED_SELECTOR = YES;
				GCC_WARN_UNINITIALIZED_AUTOS = YES_AGGRESSIVE;
				GCC_WARN_UNUSED_FUNCTION = YES;
				GCC_WARN_UNUSED_VARIABLE = YES;
				IPHONEOS_DEPLOYMENT_TARGET = 11.1;
				MTL_ENABLE_DEBUG_INFO = NO;
				SDKROOT = iphoneos;
				SWIFT_OPTIMIZATION_LEVEL = "-Owholemodule";
				VALIDATE_PRODUCT = YES;
			};
			name = Release;
		};
		3F6E51B51FBEBFD70047E329 /* Debug */ = {
			isa = XCBuildConfiguration;
			baseConfigurationReference = BB1F2C1CC8B34CB0BFC8DD34 /* Pods-YOUTUBE COPY.debug.xcconfig */;
			buildSettings = {
				ASSETCATALOG_COMPILER_APPICON_NAME = AppIcon;
				CODE_SIGN_STYLE = Automatic;
				DEVELOPMENT_TEAM = FNEH2787UY;
				INFOPLIST_FILE = "YOUTUBE COPY/Info.plist";
				LD_RUNPATH_SEARCH_PATHS = "$(inherited) @executable_path/Frameworks";
				PRODUCT_BUNDLE_IDENTIFIER = "toygift1.YOUTUBE-COPY";
				PRODUCT_NAME = "$(TARGET_NAME)";
				SWIFT_VERSION = 4.0;
				TARGETED_DEVICE_FAMILY = "1,2";
			};
			name = Debug;
		};
		3F6E51B61FBEBFD70047E329 /* Release */ = {
			isa = XCBuildConfiguration;
			baseConfigurationReference = C9BF4B25D83D2CD167E2EB2A /* Pods-YOUTUBE COPY.release.xcconfig */;
			buildSettings = {
				ASSETCATALOG_COMPILER_APPICON_NAME = AppIcon;
				CODE_SIGN_STYLE = Automatic;
				DEVELOPMENT_TEAM = FNEH2787UY;
				INFOPLIST_FILE = "YOUTUBE COPY/Info.plist";
				LD_RUNPATH_SEARCH_PATHS = "$(inherited) @executable_path/Frameworks";
				PRODUCT_BUNDLE_IDENTIFIER = "toygift1.YOUTUBE-COPY";
				PRODUCT_NAME = "$(TARGET_NAME)";
				SWIFT_VERSION = 4.0;
				TARGETED_DEVICE_FAMILY = "1,2";
			};
			name = Release;
		};
/* End XCBuildConfiguration section */

/* Begin XCConfigurationList section */
		3F6E519D1FBEBFD70047E329 /* Build configuration list for PBXProject "YOUTUBE COPY" */ = {
			isa = XCConfigurationList;
			buildConfigurations = (
				3F6E51B21FBEBFD70047E329 /* Debug */,
				3F6E51B31FBEBFD70047E329 /* Release */,
			);
			defaultConfigurationIsVisible = 0;
			defaultConfigurationName = Release;
		};
		3F6E51B41FBEBFD70047E329 /* Build configuration list for PBXNativeTarget "YOUTUBE COPY" */ = {
			isa = XCConfigurationList;
			buildConfigurations = (
				3F6E51B51FBEBFD70047E329 /* Debug */,
				3F6E51B61FBEBFD70047E329 /* Release */,
			);
			defaultConfigurationIsVisible = 0;
			defaultConfigurationName = Release;
		};
/* End XCConfigurationList section */
	};
	rootObject = 3F6E519A1FBEBFD70047E329 /* Project object */;
}
